// !$*UTF8*$!
{
	archiveVersion = 1;
	classes = {
	};
	objectVersion = 77;
	objects = {

/* Begin PBXContainerItemProxy section */
		948FB35D2D0AA753003430B2 /* PBXContainerItemProxy */ = {
			isa = PBXContainerItemProxy;
			containerPortal = 948FB3442D0AA751003430B2 /* Project object */;
			proxyType = 1;
			remoteGlobalIDString = 948FB34B2D0AA751003430B2;
			remoteInfo = "Coffee Nation";
		};
		948FB3672D0AA753003430B2 /* PBXContainerItemProxy */ = {
			isa = PBXContainerItemProxy;
			containerPortal = 948FB3442D0AA751003430B2 /* Project object */;
			proxyType = 1;
			remoteGlobalIDString = 948FB34B2D0AA751003430B2;
			remoteInfo = "Coffee Nation";
		};
/* End PBXContainerItemProxy section */

/* Begin PBXFileReference section */
		948FB34C2D0AA751003430B2 /* Coffee Nation.app */ = {isa = PBXFileReference; explicitFileType = wrapper.application; includeInIndex = 0; path = "Coffee Nation.app"; sourceTree = BUILT_PRODUCTS_DIR; };
		948FB35C2D0AA753003430B2 /* Coffee NationTests.xctest */ = {isa = PBXFileReference; explicitFileType = wrapper.cfbundle; includeInIndex = 0; path = "Coffee NationTests.xctest"; sourceTree = BUILT_PRODUCTS_DIR; };
		948FB3662D0AA753003430B2 /* Coffee NationUITests.xctest */ = {isa = PBXFileReference; explicitFileType = wrapper.cfbundle; includeInIndex = 0; path = "Coffee NationUITests.xctest"; sourceTree = BUILT_PRODUCTS_DIR; };
/* End PBXFileReference section */

/* Begin PBXFileSystemSynchronizedRootGroup section */
		948FB34E2D0AA751003430B2 /* Coffee Nation */ = {
			isa = PBXFileSystemSynchronizedRootGroup;
			path = "Coffee Nation";
			sourceTree = "<group>";
		};
		948FB35F2D0AA753003430B2 /* Coffee NationTests */ = {
			isa = PBXFileSystemSynchronizedRootGroup;
			path = "Coffee NationTests";
			sourceTree = "<group>";
		};
		948FB3692D0AA753003430B2 /* Coffee NationUITests */ = {
			isa = PBXFileSystemSynchronizedRootGroup;
			path = "Coffee NationUITests";
			sourceTree = "<group>";
		};
/* End PBXFileSystemSynchronizedRootGroup section */

/* Begin PBXFrameworksBuildPhase section */
		948FB3492D0AA751003430B2 /* Frameworks */ = {
			isa = PBXFrameworksBuildPhase;
			buildActionMask = 2147483647;
			files = (
			);
			runOnlyForDeploymentPostprocessing = 0;
		};
		948FB3592D0AA753003430B2 /* Frameworks */ = {
			isa = PBXFrameworksBuildPhase;
			buildActionMask = 2147483647;
			files = (
			);
			runOnlyForDeploymentPostprocessing = 0;
		};
		948FB3632D0AA753003430B2 /* Frameworks */ = {
			isa = PBXFrameworksBuildPhase;
			buildActionMask = 2147483647;
			files = (
			);
			runOnlyForDeploymentPostprocessing = 0;
		};
/* End PBXFrameworksBuildPhase section */

/* Begin PBXGroup section */
		948FB3432D0AA751003430B2 = {
			isa = PBXGroup;
			children = (
				948FB34E2D0AA751003430B2 /* Coffee Nation */,
				948FB35F2D0AA753003430B2 /* Coffee NationTests */,
				948FB3692D0AA753003430B2 /* Coffee NationUITests */,
				948FB34D2D0AA751003430B2 /* Products */,
			);
			sourceTree = "<group>";
		};
		948FB34D2D0AA751003430B2 /* Products */ = {
			isa = PBXGroup;
			children = (
				948FB34C2D0AA751003430B2 /* Coffee Nation.app */,
				948FB35C2D0AA753003430B2 /* Coffee NationTests.xctest */,
				948FB3662D0AA753003430B2 /* Coffee NationUITests.xctest */,
			);
			name = Products;
			sourceTree = "<group>";
		};
/* End PBXGroup section */

/* Begin PBXNativeTarget section */
		948FB34B2D0AA751003430B2 /* Coffee Nation */ = {
			isa = PBXNativeTarget;
			buildConfigurationList = 948FB3702D0AA753003430B2 /* Build configuration list for PBXNativeTarget "Coffee Nation" */;
			buildPhases = (
				948FB3482D0AA751003430B2 /* Sources */,
				948FB3492D0AA751003430B2 /* Frameworks */,
				948FB34A2D0AA751003430B2 /* Resources */,
			);
			buildRules = (
			);
			dependencies = (
			);
			fileSystemSynchronizedGroups = (
				948FB34E2D0AA751003430B2 /* Coffee Nation */,
			);
			name = "Coffee Nation";
			packageProductDependencies = (
			);
			productName = "Coffee Nation";
			productReference = 948FB34C2D0AA751003430B2 /* Coffee Nation.app */;
			productType = "com.apple.product-type.application";
		};
		948FB35B2D0AA753003430B2 /* Coffee NationTests */ = {
			isa = PBXNativeTarget;
			buildConfigurationList = 948FB3732D0AA753003430B2 /* Build configuration list for PBXNativeTarget "Coffee NationTests" */;
			buildPhases = (
				948FB3582D0AA753003430B2 /* Sources */,
				948FB3592D0AA753003430B2 /* Frameworks */,
				948FB35A2D0AA753003430B2 /* Resources */,
			);
			buildRules = (
			);
			dependencies = (
				948FB35E2D0AA753003430B2 /* PBXTargetDependency */,
			);
			fileSystemSynchronizedGroups = (
				948FB35F2D0AA753003430B2 /* Coffee NationTests */,
			);
			name = "Coffee NationTests";
			packageProductDependencies = (
			);
			productName = "Coffee NationTests";
			productReference = 948FB35C2D0AA753003430B2 /* Coffee NationTests.xctest */;
			productType = "com.apple.product-type.bundle.unit-test";
		};
		948FB3652D0AA753003430B2 /* Coffee NationUITests */ = {
			isa = PBXNativeTarget;
			buildConfigurationList = 948FB3762D0AA753003430B2 /* Build configuration list for PBXNativeTarget "Coffee NationUITests" */;
			buildPhases = (
				948FB3622D0AA753003430B2 /* Sources */,
				948FB3632D0AA753003430B2 /* Frameworks */,
				948FB3642D0AA753003430B2 /* Resources */,
			);
			buildRules = (
			);
			dependencies = (
				948FB3682D0AA753003430B2 /* PBXTargetDependency */,
			);
			fileSystemSynchronizedGroups = (
				948FB3692D0AA753003430B2 /* Coffee NationUITests */,
			);
			name = "Coffee NationUITests";
			packageProductDependencies = (
			);
			productName = "Coffee NationUITests";
			productReference = 948FB3662D0AA753003430B2 /* Coffee NationUITests.xctest */;
			productType = "com.apple.product-type.bundle.ui-testing";
		};
/* End PBXNativeTarget section */

/* Begin PBXProject section */
		948FB3442D0AA751003430B2 /* Project object */ = {
			isa = PBXProject;
			attributes = {
				BuildIndependentTargetsInParallel = 1;
				LastSwiftUpdateCheck = 1610;
				LastUpgradeCheck = 1610;
				TargetAttributes = {
					948FB34B2D0AA751003430B2 = {
						CreatedOnToolsVersion = 16.1;
					};
					948FB35B2D0AA753003430B2 = {
						CreatedOnToolsVersion = 16.1;
						TestTargetID = 948FB34B2D0AA751003430B2;
					};
					948FB3652D0AA753003430B2 = {
						CreatedOnToolsVersion = 16.1;
						TestTargetID = 948FB34B2D0AA751003430B2;
					};
				};
			};
			buildConfigurationList = 948FB3472D0AA751003430B2 /* Build configuration list for PBXProject "Coffee Nation" */;
			developmentRegion = en;
			hasScannedForEncodings = 0;
			knownRegions = (
				en,
				Base,
			);
			mainGroup = 948FB3432D0AA751003430B2;
			minimizedProjectReferenceProxies = 1;
			preferredProjectObjectVersion = 77;
			productRefGroup = 948FB34D2D0AA751003430B2 /* Products */;
			projectDirPath = "";
			projectRoot = "";
			targets = (
				948FB34B2D0AA751003430B2 /* Coffee Nation */,
				948FB35B2D0AA753003430B2 /* Coffee NationTests */,
				948FB3652D0AA753003430B2 /* Coffee NationUITests */,
			);
		};
/* End PBXProject section */

/* Begin PBXResourcesBuildPhase section */
		948FB34A2D0AA751003430B2 /* Resources */ = {
			isa = PBXResourcesBuildPhase;
			buildActionMask = 2147483647;
			files = (
			);
			runOnlyForDeploymentPostprocessing = 0;
		};
		948FB35A2D0AA753003430B2 /* Resources */ = {
			isa = PBXResourcesBuildPhase;
			buildActionMask = 2147483647;
			files = (
			);
			runOnlyForDeploymentPostprocessing = 0;
		};
		948FB3642D0AA753003430B2 /* Resources */ = {
			isa = PBXResourcesBuildPhase;
			buildActionMask = 2147483647;
			files = (
			);
			runOnlyForDeploymentPostprocessing = 0;
		};
/* End PBXResourcesBuildPhase section */

/* Begin PBXSourcesBuildPhase section */
		948FB3482D0AA751003430B2 /* Sources */ = {
			isa = PBXSourcesBuildPhase;
			buildActionMask = 2147483647;
			files = (
			);
			runOnlyForDeploymentPostprocessing = 0;
		};
		948FB3582D0AA753003430B2 /* Sources */ = {
			isa = PBXSourcesBuildPhase;
			buildActionMask = 2147483647;
			files = (
			);
			runOnlyForDeploymentPostprocessing = 0;
		};
		948FB3622D0AA753003430B2 /* Sources */ = {
			isa = PBXSourcesBuildPhase;
			buildActionMask = 2147483647;
			files = (
			);
			runOnlyForDeploymentPostprocessing = 0;
		};
/* End PBXSourcesBuildPhase section */

/* Begin PBXTargetDependency section */
		948FB35E2D0AA753003430B2 /* PBXTargetDependency */ = {
			isa = PBXTargetDependency;
			target = 948FB34B2D0AA751003430B2 /* Coffee Nation */;
			targetProxy = 948FB35D2D0AA753003430B2 /* PBXContainerItemProxy */;
		};
		948FB3682D0AA753003430B2 /* PBXTargetDependency */ = {
			isa = PBXTargetDependency;
			target = 948FB34B2D0AA751003430B2 /* Coffee Nation */;
			targetProxy = 948FB3672D0AA753003430B2 /* PBXContainerItemProxy */;
		};
/* End PBXTargetDependency section */

/* Begin XCBuildConfiguration section */
		948FB36E2D0AA753003430B2 /* Debug */ = {
			isa = XCBuildConfiguration;
			buildSettings = {
				ALWAYS_SEARCH_USER_PATHS = NO;
				ASSETCATALOG_COMPILER_GENERATE_SWIFT_ASSET_SYMBOL_EXTENSIONS = YES;
				CLANG_ANALYZER_NONNULL = YES;
				CLANG_ANALYZER_NUMBER_OBJECT_CONVERSION = YES_AGGRESSIVE;
				CLANG_CXX_LANGUAGE_STANDARD = "gnu++20";
				CLANG_ENABLE_MODULES = YES;
				CLANG_ENABLE_OBJC_ARC = YES;
				CLANG_ENABLE_OBJC_WEAK = YES;
				CLANG_WARN_BLOCK_CAPTURE_AUTORELEASING = YES;
				CLANG_WARN_BOOL_CONVERSION = YES;
				CLANG_WARN_COMMA = YES;
				CLANG_WARN_CONSTANT_CONVERSION = YES;
				CLANG_WARN_DEPRECATED_OBJC_IMPLEMENTATIONS = YES;
				CLANG_WARN_DIRECT_OBJC_ISA_USAGE = YES_ERROR;
				CLANG_WARN_DOCUMENTATION_COMMENTS = YES;
				CLANG_WARN_EMPTY_BODY = YES;
				CLANG_WARN_ENUM_CONVERSION = YES;
				CLANG_WARN_INFINITE_RECURSION = YES;
				CLANG_WARN_INT_CONVERSION = YES;
				CLANG_WARN_NON_LITERAL_NULL_CONVERSION = YES;
				CLANG_WARN_OBJC_IMPLICIT_RETAIN_SELF = YES;
				CLANG_WARN_OBJC_LITERAL_CONVERSION = YES;
				CLANG_WARN_OBJC_ROOT_CLASS = YES_ERROR;
				CLANG_WARN_QUOTED_INCLUDE_IN_FRAMEWORK_HEADER = YES;
				CLANG_WARN_RANGE_LOOP_ANALYSIS = YES;
				CLANG_WARN_STRICT_PROTOTYPES = YES;
				CLANG_WARN_SUSPICIOUS_MOVE = YES;
				CLANG_WARN_UNGUARDED_AVAILABILITY = YES_AGGRESSIVE;
				CLANG_WARN_UNREACHABLE_CODE = YES;
				CLANG_WARN__DUPLICATE_METHOD_MATCH = YES;
				COPY_PHASE_STRIP = NO;
				DEBUG_INFORMATION_FORMAT = dwarf;
				ENABLE_STRICT_OBJC_MSGSEND = YES;
				ENABLE_TESTABILITY = YES;
				ENABLE_USER_SCRIPT_SANDBOXING = YES;
				GCC_C_LANGUAGE_STANDARD = gnu17;
				GCC_DYNAMIC_NO_PIC = NO;
				GCC_NO_COMMON_BLOCKS = YES;
				GCC_OPTIMIZATION_LEVEL = 0;
				GCC_PREPROCESSOR_DEFINITIONS = (
					"DEBUG=1",
					"$(inherited)",
				);
				GCC_WARN_64_TO_32_BIT_CONVERSION = YES;
				GCC_WARN_ABOUT_RETURN_TYPE = YES_ERROR;
				GCC_WARN_UNDECLARED_SELECTOR = YES;
				GCC_WARN_UNINITIALIZED_AUTOS = YES_AGGRESSIVE;
				GCC_WARN_UNUSED_FUNCTION = YES;
				GCC_WARN_UNUSED_VARIABLE = YES;
				IPHONEOS_DEPLOYMENT_TARGET = 18.1;
				LOCALIZATION_PREFERS_STRING_CATALOGS = YES;
				MTL_ENABLE_DEBUG_INFO = INCLUDE_SOURCE;
				MTL_FAST_MATH = YES;
				ONLY_ACTIVE_ARCH = YES;
				SDKROOT = iphoneos;
				SWIFT_ACTIVE_COMPILATION_CONDITIONS = "DEBUG $(inherited)";
				SWIFT_OPTIMIZATION_LEVEL = "-Onone";
			};
			name = Debug;
		};
		948FB36F2D0AA753003430B2 /* Release */ = {
			isa = XCBuildConfiguration;
			buildSettings = {
				ALWAYS_SEARCH_USER_PATHS = NO;
				ASSETCATALOG_COMPILER_GENERATE_SWIFT_ASSET_SYMBOL_EXTENSIONS = YES;
				CLANG_ANALYZER_NONNULL = YES;
				CLANG_ANALYZER_NUMBER_OBJECT_CONVERSION = YES_AGGRESSIVE;
				CLANG_CXX_LANGUAGE_STANDARD = "gnu++20";
				CLANG_ENABLE_MODULES = YES;
				CLANG_ENABLE_OBJC_ARC = YES;
				CLANG_ENABLE_OBJC_WEAK = YES;
				CLANG_WARN_BLOCK_CAPTURE_AUTORELEASING = YES;
				CLANG_WARN_BOOL_CONVERSION = YES;
				CLANG_WARN_COMMA = YES;
				CLANG_WARN_CONSTANT_CONVERSION = YES;
				CLANG_WARN_DEPRECATED_OBJC_IMPLEMENTATIONS = YES;
				CLANG_WARN_DIRECT_OBJC_ISA_USAGE = YES_ERROR;
				CLANG_WARN_DOCUMENTATION_COMMENTS = YES;
				CLANG_WARN_EMPTY_BODY = YES;
				CLANG_WARN_ENUM_CONVERSION = YES;
				CLANG_WARN_INFINITE_RECURSION = YES;
				CLANG_WARN_INT_CONVERSION = YES;
				CLANG_WARN_NON_LITERAL_NULL_CONVERSION = YES;
				CLANG_WARN_OBJC_IMPLICIT_RETAIN_SELF = YES;
				CLANG_WARN_OBJC_LITERAL_CONVERSION = YES;
				CLANG_WARN_OBJC_ROOT_CLASS = YES_ERROR;
				CLANG_WARN_QUOTED_INCLUDE_IN_FRAMEWORK_HEADER = YES;
				CLANG_WARN_RANGE_LOOP_ANALYSIS = YES;
				CLANG_WARN_STRICT_PROTOTYPES = YES;
				CLANG_WARN_SUSPICIOUS_MOVE = YES;
				CLANG_WARN_UNGUARDED_AVAILABILITY = YES_AGGRESSIVE;
				CLANG_WARN_UNREACHABLE_CODE = YES;
				CLANG_WARN__DUPLICATE_METHOD_MATCH = YES;
				COPY_PHASE_STRIP = NO;
				DEBUG_INFORMATION_FORMAT = "dwarf-with-dsym";
				ENABLE_NS_ASSERTIONS = NO;
				ENABLE_STRICT_OBJC_MSGSEND = YES;
				ENABLE_USER_SCRIPT_SANDBOXING = YES;
				GCC_C_LANGUAGE_STANDARD = gnu17;
				GCC_NO_COMMON_BLOCKS = YES;
				GCC_WARN_64_TO_32_BIT_CONVERSION = YES;
				GCC_WARN_ABOUT_RETURN_TYPE = YES_ERROR;
				GCC_WARN_UNDECLARED_SELECTOR = YES;
				GCC_WARN_UNINITIALIZED_AUTOS = YES_AGGRESSIVE;
				GCC_WARN_UNUSED_FUNCTION = YES;
				GCC_WARN_UNUSED_VARIABLE = YES;
				IPHONEOS_DEPLOYMENT_TARGET = 18.1;
				LOCALIZATION_PREFERS_STRING_CATALOGS = YES;
				MTL_ENABLE_DEBUG_INFO = NO;
				MTL_FAST_MATH = YES;
				SDKROOT = iphoneos;
				SWIFT_COMPILATION_MODE = wholemodule;
				VALIDATE_PRODUCT = YES;
			};
			name = Release;
		};
		948FB3712D0AA753003430B2 /* Debug */ = {
			isa = XCBuildConfiguration;
			buildSettings = {
				ASSETCATALOG_COMPILER_APPICON_NAME = AppIcon;
				ASSETCATALOG_COMPILER_GLOBAL_ACCENT_COLOR_NAME = AccentColor;
				CODE_SIGN_STYLE = Automatic;
				CURRENT_PROJECT_VERSION = 1;
				DEVELOPMENT_ASSET_PATHS = "\"Coffee Nation/Preview Content\"";
				DEVELOPMENT_TEAM = UY7M984DUP;
				ENABLE_PREVIEWS = YES;
				GENERATE_INFOPLIST_FILE = YES;
				INFOPLIST_FILE = "Coffee-Nation-Info.plist";
				INFOPLIST_KEY_NSAppleMusicUsageDescription = "We need access to your photo library to select photos.";
				INFOPLIST_KEY_NSCameraUsageDescription = "We need access to the camera to take location photos.";
				INFOPLIST_KEY_NSLocationAlwaysAndWhenInUseUsageDescription = "";
				INFOPLIST_KEY_NSLocationWhenInUseUsageDescription = "";
				INFOPLIST_KEY_UIApplicationSceneManifest_Generation = YES;
				INFOPLIST_KEY_UIApplicationSupportsIndirectInputEvents = YES;
				INFOPLIST_KEY_UILaunchScreen_Generation = YES;
				INFOPLIST_KEY_UISupportedInterfaceOrientations_iPad = "UIInterfaceOrientationPortrait UIInterfaceOrientationPortraitUpsideDown UIInterfaceOrientationLandscapeLeft UIInterfaceOrientationLandscapeRight";
				INFOPLIST_KEY_UISupportedInterfaceOrientations_iPhone = "UIInterfaceOrientationPortrait UIInterfaceOrientationLandscapeLeft UIInterfaceOrientationLandscapeRight";
				IPHONEOS_DEPLOYMENT_TARGET = 18.0;
				LD_RUNPATH_SEARCH_PATHS = (
					"$(inherited)",
					"@executable_path/Frameworks",
				);
				MARKETING_VERSION = 1.0;
				PRODUCT_BUNDLE_IDENTIFIER = "com.ryan19fern-gmail.Coffee-Nation";
				PRODUCT_NAME = "$(TARGET_NAME)";
				SWIFT_EMIT_LOC_STRINGS = YES;
				SWIFT_VERSION = 5.0;
				TARGETED_DEVICE_FAMILY = "1,2";
			};
			name = Debug;
		};
		948FB3722D0AA753003430B2 /* Release */ = {
			isa = XCBuildConfiguration;
			buildSettings = {
				ASSETCATALOG_COMPILER_APPICON_NAME = AppIcon;
				ASSETCATALOG_COMPILER_GLOBAL_ACCENT_COLOR_NAME = AccentColor;
				CODE_SIGN_STYLE = Automatic;
				CURRENT_PROJECT_VERSION = 1;
				DEVELOPMENT_ASSET_PATHS = "\"Coffee Nation/Preview Content\"";
				DEVELOPMENT_TEAM = UY7M984DUP;
				ENABLE_PREVIEWS = YES;
				GENERATE_INFOPLIST_FILE = YES;
				INFOPLIST_FILE = "Coffee-Nation-Info.plist";
				INFOPLIST_KEY_NSAppleMusicUsageDescription = "We need access to your photo library to select photos.";
				INFOPLIST_KEY_NSCameraUsageDescription = "We need access to the camera to take location photos.";
				INFOPLIST_KEY_NSLocationAlwaysAndWhenInUseUsageDescription = "";
				INFOPLIST_KEY_NSLocationWhenInUseUsageDescription = "";
				INFOPLIST_KEY_UIApplicationSceneManifest_Generation = YES;
				INFOPLIST_KEY_UIApplicationSupportsIndirectInputEvents = YES;
				INFOPLIST_KEY_UILaunchScreen_Generation = YES;
				INFOPLIST_KEY_UISupportedInterfaceOrientations_iPad = "UIInterfaceOrientationPortrait UIInterfaceOrientationPortraitUpsideDown UIInterfaceOrientationLandscapeLeft UIInterfaceOrientationLandscapeRight";
				INFOPLIST_KEY_UISupportedInterfaceOrientations_iPhone = "UIInterfaceOrientationPortrait UIInterfaceOrientationLandscapeLeft UIInterfaceOrientationLandscapeRight";
				IPHONEOS_DEPLOYMENT_TARGET = 18.0;
				LD_RUNPATH_SEARCH_PATHS = (
					"$(inherited)",
					"@executable_path/Frameworks",
				);
				MARKETING_VERSION = 1.0;
				PRODUCT_BUNDLE_IDENTIFIER = "com.ryan19fern-gmail.Coffee-Nation";
				PRODUCT_NAME = "$(TARGET_NAME)";
				SWIFT_EMIT_LOC_STRINGS = YES;
				SWIFT_VERSION = 5.0;
				TARGETED_DEVICE_FAMILY = "1,2";
			};
			name = Release;
		};
		948FB3742D0AA753003430B2 /* Debug */ = {
			isa = XCBuildConfiguration;
			buildSettings = {
				BUNDLE_LOADER = "$(TEST_HOST)";
				CODE_SIGN_STYLE = Automatic;
				CURRENT_PROJECT_VERSION = 1;
				DEVELOPMENT_TEAM = UY7M984DUP;
				GENERATE_INFOPLIST_FILE = YES;
				IPHONEOS_DEPLOYMENT_TARGET = 18.1;
				MARKETING_VERSION = 1.0;
				PRODUCT_BUNDLE_IDENTIFIER = "com.ryan19fern-gmail.Coffee-NationTests";
				PRODUCT_NAME = "$(TARGET_NAME)";
				SWIFT_EMIT_LOC_STRINGS = NO;
				SWIFT_VERSION = 5.0;
				TARGETED_DEVICE_FAMILY = "1,2";
				TEST_HOST = "$(BUILT_PRODUCTS_DIR)/Coffee Nation.app/$(BUNDLE_EXECUTABLE_FOLDER_PATH)/Coffee Nation";
			};
			name = Debug;
		};
		948FB3752D0AA753003430B2 /* Release */ = {
			isa = XCBuildConfiguration;
			buildSettings = {
				BUNDLE_LOADER = "$(TEST_HOST)";
				CODE_SIGN_STYLE = Automatic;
				CURRENT_PROJECT_VERSION = 1;
				DEVELOPMENT_TEAM = UY7M984DUP;
				GENERATE_INFOPLIST_FILE = YES;
				IPHONEOS_DEPLOYMENT_TARGET = 18.1;
				MARKETING_VERSION = 1.0;
				PRODUCT_BUNDLE_IDENTIFIER = "com.ryan19fern-gmail.Coffee-NationTests";
				PRODUCT_NAME = "$(TARGET_NAME)";
				SWIFT_EMIT_LOC_STRINGS = NO;
				SWIFT_VERSION = 5.0;
				TARGETED_DEVICE_FAMILY = "1,2";
				TEST_HOST = "$(BUILT_PRODUCTS_DIR)/Coffee Nation.app/$(BUNDLE_EXECUTABLE_FOLDER_PATH)/Coffee Nation";
			};
			name = Release;
		};
		948FB3772D0AA753003430B2 /* Debug */ = {
			isa = XCBuildConfiguration;
			buildSettings = {
				CODE_SIGN_STYLE = Automatic;
				CURRENT_PROJECT_VERSION = 1;
				DEVELOPMENT_TEAM = UY7M984DUP;
				GENERATE_INFOPLIST_FILE = YES;
				MARKETING_VERSION = 1.0;
				PRODUCT_BUNDLE_IDENTIFIER = "com.ryan19fern-gmail.Coffee-NationUITests";
				PRODUCT_NAME = "$(TARGET_NAME)";
				SWIFT_EMIT_LOC_STRINGS = NO;
				SWIFT_VERSION = 5.0;
				TARGETED_DEVICE_FAMILY = "1,2";
				TEST_TARGET_NAME = "Coffee Nation";
			};
			name = Debug;
		};
		948FB3782D0AA753003430B2 /* Release */ = {
			isa = XCBuildConfiguration;
			buildSettings = {
				CODE_SIGN_STYLE = Automatic;
				CURRENT_PROJECT_VERSION = 1;
				DEVELOPMENT_TEAM = UY7M984DUP;
				GENERATE_INFOPLIST_FILE = YES;
				MARKETING_VERSION = 1.0;
				PRODUCT_BUNDLE_IDENTIFIER = "com.ryan19fern-gmail.Coffee-NationUITests";
				PRODUCT_NAME = "$(TARGET_NAME)";
				SWIFT_EMIT_LOC_STRINGS = NO;
				SWIFT_VERSION = 5.0;
				TARGETED_DEVICE_FAMILY = "1,2";
				TEST_TARGET_NAME = "Coffee Nation";
			};
			name = Release;
		};
/* End XCBuildConfiguration section */

/* Begin XCConfigurationList section */
		948FB3472D0AA751003430B2 /* Build configuration list for PBXProject "Coffee Nation" */ = {
			isa = XCConfigurationList;
			buildConfigurations = (
				948FB36E2D0AA753003430B2 /* Debug */,
				948FB36F2D0AA753003430B2 /* Release */,
			);
			defaultConfigurationIsVisible = 0;
			defaultConfigurationName = Release;
		};
		948FB3702D0AA753003430B2 /* Build configuration list for PBXNativeTarget "Coffee Nation" */ = {
			isa = XCConfigurationList;
			buildConfigurations = (
				948FB3712D0AA753003430B2 /* Debug */,
				948FB3722D0AA753003430B2 /* Release */,
			);
			defaultConfigurationIsVisible = 0;
			defaultConfigurationName = Release;
		};
		948FB3732D0AA753003430B2 /* Build configuration list for PBXNativeTarget "Coffee NationTests" */ = {
			isa = XCConfigurationList;
			buildConfigurations = (
				948FB3742D0AA753003430B2 /* Debug */,
				948FB3752D0AA753003430B2 /* Release */,
			);
			defaultConfigurationIsVisible = 0;
			defaultConfigurationName = Release;
		};
		948FB3762D0AA753003430B2 /* Build configuration list for PBXNativeTarget "Coffee NationUITests" */ = {
			isa = XCConfigurationList;
			buildConfigurations = (
				948FB3772D0AA753003430B2 /* Debug */,
				948FB3782D0AA753003430B2 /* Release */,
			);
			defaultConfigurationIsVisible = 0;
			defaultConfigurationName = Release;
		};
/* End XCConfigurationList section */
	};
	rootObject = 948FB3442D0AA751003430B2 /* Project object */;
}
